
Microsoft Visual Studio Solution File, Format Version 12.00
# Visual Studio 15
VisualStudioVersion = 15.0.28307.902
MinimumVisualStudioVersion = 10.0.40219.1
Project("{FAE04EC0-301F-11D3-BF4B-00C04F79EFBC}") = "SofomoTracker", "SofomoTracker\SofomoTracker.csproj", "{754420C4-F33D-4CFB-9828-C7BD8E0E4728}"
EndProject
Project("{FAE04EC0-301F-11D3-BF4B-00C04F79EFBC}") = "Model", "Model\Model.csproj", "{D9804AEB-B58B-4C4C-9B69-7BD18316B550}"
EndProject
Project("{FAE04EC0-301F-11D3-BF4B-00C04F79EFBC}") = "Tests", "Model.Tests\Tests.csproj", "{086FF6FB-A3B6-4F9F-B93A-00B8411038A5}"
EndProject
Global
	GlobalSection(SolutionConfigurationPlatforms) = preSolution
		Debug|Any CPU = Debug|Any CPU
		Release|Any CPU = Release|Any CPU
	EndGlobalSection
	GlobalSection(ProjectConfigurationPlatforms) = postSolution
		{754420C4-F33D-4CFB-9828-C7BD8E0E4728}.Debug|Any CPU.ActiveCfg = Debug|Any CPU
		{754420C4-F33D-4CFB-9828-C7BD8E0E4728}.Debug|Any CPU.Build.0 = Debug|Any CPU
		{754420C4-F33D-4CFB-9828-C7BD8E0E4728}.Release|Any CPU.ActiveCfg = Release|Any CPU
		{754420C4-F33D-4CFB-9828-C7BD8E0E4728}.Release|Any CPU.Build.0 = Release|Any CPU
		{D9804AEB-B58B-4C4C-9B69-7BD18316B550}.Debug|Any CPU.ActiveCfg = Debug|Any CPU
		{D9804AEB-B58B-4C4C-9B69-7BD18316B550}.Debug|Any CPU.Build.0 = Debug|Any CPU
		{D9804AEB-B58B-4C4C-9B69-7BD18316B550}.Release|Any CPU.ActiveCfg = Release|Any CPU
		{D9804AEB-B58B-4C4C-9B69-7BD18316B550}.Release|Any CPU.Build.0 = Release|Any CPU
		{086FF6FB-A3B6-4F9F-B93A-00B8411038A5}.Debug|Any CPU.ActiveCfg = Debug|Any CPU
		{086FF6FB-A3B6-4F9F-B93A-00B8411038A5}.Debug|Any CPU.Build.0 = Debug|Any CPU
		{086FF6FB-A3B6-4F9F-B93A-00B8411038A5}.Release|Any CPU.ActiveCfg = Release|Any CPU
		{086FF6FB-A3B6-4F9F-B93A-00B8411038A5}.Release|Any CPU.Build.0 = Release|Any CPU
	EndGlobalSection
	GlobalSection(SolutionProperties) = preSolution
		HideSolutionNode = FALSE
	EndGlobalSection
	GlobalSection(ExtensibilityGlobals) = postSolution
		SolutionGuid = {87419B98-7990-48F1-9268-8C752DEDE2C0}
	EndGlobalSection
EndGlobal
